
Microsoft Visual Studio Solution File, Format Version 12.00
# Visual Studio 14
VisualStudioVersion = 14.0.23107.0
MinimumVisualStudioVersion = 10.0.40219.1
Project("{9092AA53-FB77-4645-B42D-1CCCA6BD08BD}") = "grunt-swagger-ng-ts", "grunt-swagger-ng-ts\grunt-swagger-ng-ts.njsproj", "{C2785515-7937-4716-920B-692ED52A233D}"
EndProject
Global
	GlobalSection(SolutionConfigurationPlatforms) = preSolution
		Debug|Any CPU = Debug|Any CPU
		Release|Any CPU = Release|Any CPU
	EndGlobalSection
	GlobalSection(ProjectConfigurationPlatforms) = postSolution
		{C2785515-7937-4716-920B-692ED52A233D}.Debug|Any CPU.ActiveCfg = Debug|Any CPU
		{C2785515-7937-4716-920B-692ED52A233D}.Debug|Any CPU.Build.0 = Debug|Any CPU
		{C2785515-7937-4716-920B-692ED52A233D}.Release|Any CPU.ActiveCfg = Release|Any CPU
		{C2785515-7937-4716-920B-692ED52A233D}.Release|Any CPU.Build.0 = Release|Any CPU
	EndGlobalSection
	GlobalSection(SolutionProperties) = preSolution
		HideSolutionNode = FALSE
	EndGlobalSection
EndGlobal
